{
  "name": "heynetwork",
  "version": "1.1.3",
  "lockfileVersion": 3,
  "requires": true,
  "packages": {
    "": {
      "name": "heynetwork",
      "version": "1.1.3",
      "license": "ISC",
      "devDependencies": {
        "heynetwork": "^1.1.2"
      }
    },
    "node_modules/heynetwork": {
      "version": "1.1.2",
      "resolved": "https://registry.npmjs.org/heynetwork/-/heynetwork-1.1.2.tgz",
      "integrity": "sha512-KbQdpkiK+ElXK2D6EkGc6+IEXiA9Dz9sx38pSRBhhlA/M0ILSROLpZHvnrzjxAlfkue2wLPfcvOJuKa9qyXIWw==",
      "dev": true
    }
  }
}
